
Microsoft Visual Studio Solution File, Format Version 12.00
# Visual Studio 15
VisualStudioVersion = 15.0.28307.421
MinimumVisualStudioVersion = 10.0.40219.1
Project("{FAE04EC0-301F-11D3-BF4B-00C04F79EFBC}") = "HowConfigureAwait", "HowConfigureAwait\HowConfigureAwait.csproj", "{8355BEAF-6959-4384-84C0-AC09B6BD075E}"
EndProject
Global
	GlobalSection(SolutionConfigurationPlatforms) = preSolution
		Debug|Any CPU = Debug|Any CPU
		Release|Any CPU = Release|Any CPU
	EndGlobalSection
	GlobalSection(ProjectConfigurationPlatforms) = postSolution
		{8355BEAF-6959-4384-84C0-AC09B6BD075E}.Debug|Any CPU.ActiveCfg = Debug|Any CPU
		{8355BEAF-6959-4384-84C0-AC09B6BD075E}.Debug|Any CPU.Build.0 = Debug|Any CPU
		{8355BEAF-6959-4384-84C0-AC09B6BD075E}.Release|Any CPU.ActiveCfg = Release|Any CPU
		{8355BEAF-6959-4384-84C0-AC09B6BD075E}.Release|Any CPU.Build.0 = Release|Any CPU
	EndGlobalSection
	GlobalSection(SolutionProperties) = preSolution
		HideSolutionNode = FALSE
	EndGlobalSection
	GlobalSection(ExtensibilityGlobals) = postSolution
		SolutionGuid = {7014F773-94B7-4048-99A2-F294D5E776A1}
	EndGlobalSection
EndGlobal
