
Microsoft Visual Studio Solution File, Format Version 12.00
# Visual Studio Version 16
VisualStudioVersion = 16.0.29519.181
MinimumVisualStudioVersion = 10.0.40219.1
Project("{FAE04EC0-301F-11D3-BF4B-00C04F79EFBC}") = "MultiDIRegister", "MultiDIRegister\MultiDIRegister.csproj", "{BE823593-E710-4665-A128-F104424AA5D5}"
EndProject
Global
	GlobalSection(SolutionConfigurationPlatforms) = preSolution
		Debug|Any CPU = Debug|Any CPU
		Release|Any CPU = Release|Any CPU
	EndGlobalSection
	GlobalSection(ProjectConfigurationPlatforms) = postSolution
		{BE823593-E710-4665-A128-F104424AA5D5}.Debug|Any CPU.ActiveCfg = Debug|Any CPU
		{BE823593-E710-4665-A128-F104424AA5D5}.Debug|Any CPU.Build.0 = Debug|Any CPU
		{BE823593-E710-4665-A128-F104424AA5D5}.Release|Any CPU.ActiveCfg = Release|Any CPU
		{BE823593-E710-4665-A128-F104424AA5D5}.Release|Any CPU.Build.0 = Release|Any CPU
	EndGlobalSection
	GlobalSection(SolutionProperties) = preSolution
		HideSolutionNode = FALSE
	EndGlobalSection
	GlobalSection(ExtensibilityGlobals) = postSolution
		SolutionGuid = {6478B1FC-8554-4309-897D-F6872DAC239B}
	EndGlobalSection
EndGlobal
