
Microsoft Visual Studio Solution File, Format Version 12.00
# Visual Studio Version 16
VisualStudioVersion = 16.0.29001.49
MinimumVisualStudioVersion = 10.0.40219.1
Project("{FAE04EC0-301F-11D3-BF4B-00C04F79EFBC}") = "AspNETCoreUnity", "AspNETCoreUnity\AspNETCoreUnity.csproj", "{6FADB365-EF29-47C1-8783-9D1F9F5F5C09}"
EndProject
Global
	GlobalSection(SolutionConfigurationPlatforms) = preSolution
		Debug|Any CPU = Debug|Any CPU
		Release|Any CPU = Release|Any CPU
	EndGlobalSection
	GlobalSection(ProjectConfigurationPlatforms) = postSolution
		{6FADB365-EF29-47C1-8783-9D1F9F5F5C09}.Debug|Any CPU.ActiveCfg = Debug|Any CPU
		{6FADB365-EF29-47C1-8783-9D1F9F5F5C09}.Debug|Any CPU.Build.0 = Debug|Any CPU
		{6FADB365-EF29-47C1-8783-9D1F9F5F5C09}.Release|Any CPU.ActiveCfg = Release|Any CPU
		{6FADB365-EF29-47C1-8783-9D1F9F5F5C09}.Release|Any CPU.Build.0 = Release|Any CPU
	EndGlobalSection
	GlobalSection(SolutionProperties) = preSolution
		HideSolutionNode = FALSE
	EndGlobalSection
	GlobalSection(ExtensibilityGlobals) = postSolution
		SolutionGuid = {A7B305A1-28CF-4A69-B56A-570F75AC8563}
	EndGlobalSection
EndGlobal
