
Microsoft Visual Studio Solution File, Format Version 12.00
# Visual Studio Version 16
VisualStudioVersion = 16.0.29215.179
MinimumVisualStudioVersion = 10.0.40219.1
Project("{FAE04EC0-301F-11D3-BF4B-00C04F79EFBC}") = "MicrosoftGraphAPI", "MicrosoftGraphAPI\MicrosoftGraphAPI.csproj", "{71107F6A-5BD3-4183-8907-C365B0CBAD3C}"
EndProject
Global
	GlobalSection(SolutionConfigurationPlatforms) = preSolution
		Debug|Any CPU = Debug|Any CPU
		Release|Any CPU = Release|Any CPU
	EndGlobalSection
	GlobalSection(ProjectConfigurationPlatforms) = postSolution
		{71107F6A-5BD3-4183-8907-C365B0CBAD3C}.Debug|Any CPU.ActiveCfg = Debug|Any CPU
		{71107F6A-5BD3-4183-8907-C365B0CBAD3C}.Debug|Any CPU.Build.0 = Debug|Any CPU
		{71107F6A-5BD3-4183-8907-C365B0CBAD3C}.Release|Any CPU.ActiveCfg = Release|Any CPU
		{71107F6A-5BD3-4183-8907-C365B0CBAD3C}.Release|Any CPU.Build.0 = Release|Any CPU
	EndGlobalSection
	GlobalSection(SolutionProperties) = preSolution
		HideSolutionNode = FALSE
	EndGlobalSection
	GlobalSection(ExtensibilityGlobals) = postSolution
		SolutionGuid = {CFEF394D-2DF8-4507-B6AE-F6446EAFFE1C}
	EndGlobalSection
EndGlobal
