
Microsoft Visual Studio Solution File, Format Version 12.00
# Visual Studio Version 16
VisualStudioVersion = 16.0.29001.49
MinimumVisualStudioVersion = 10.0.40219.1
Project("{FAE04EC0-301F-11D3-BF4B-00C04F79EFBC}") = "DIConstructorParameters", "DIConstructorParameters\DIConstructorParameters.csproj", "{A3538F82-D5F7-4F05-8547-DC4D3BB4681F}"
EndProject
Global
	GlobalSection(SolutionConfigurationPlatforms) = preSolution
		Debug|Any CPU = Debug|Any CPU
		Release|Any CPU = Release|Any CPU
	EndGlobalSection
	GlobalSection(ProjectConfigurationPlatforms) = postSolution
		{A3538F82-D5F7-4F05-8547-DC4D3BB4681F}.Debug|Any CPU.ActiveCfg = Debug|Any CPU
		{A3538F82-D5F7-4F05-8547-DC4D3BB4681F}.Debug|Any CPU.Build.0 = Debug|Any CPU
		{A3538F82-D5F7-4F05-8547-DC4D3BB4681F}.Release|Any CPU.ActiveCfg = Release|Any CPU
		{A3538F82-D5F7-4F05-8547-DC4D3BB4681F}.Release|Any CPU.Build.0 = Release|Any CPU
	EndGlobalSection
	GlobalSection(SolutionProperties) = preSolution
		HideSolutionNode = FALSE
	EndGlobalSection
	GlobalSection(ExtensibilityGlobals) = postSolution
		SolutionGuid = {2359628E-205A-4F28-9174-06EEFF3822AC}
	EndGlobalSection
EndGlobal
