
Microsoft Visual Studio Solution File, Format Version 12.00
# Visual Studio Version 16
VisualStudioVersion = 16.0.29009.5
MinimumVisualStudioVersion = 10.0.40219.1
Project("{FAE04EC0-301F-11D3-BF4B-00C04F79EFBC}") = "LargeWebConnectionAPIServer", "LargeWebConnectionAPIServer\LargeWebConnectionAPIServer.csproj", "{BAFEEF51-CFDE-424A-8B13-28C93A9B66DD}"
EndProject
Global
	GlobalSection(SolutionConfigurationPlatforms) = preSolution
		Debug|Any CPU = Debug|Any CPU
		Release|Any CPU = Release|Any CPU
	EndGlobalSection
	GlobalSection(ProjectConfigurationPlatforms) = postSolution
		{BAFEEF51-CFDE-424A-8B13-28C93A9B66DD}.Debug|Any CPU.ActiveCfg = Debug|Any CPU
		{BAFEEF51-CFDE-424A-8B13-28C93A9B66DD}.Debug|Any CPU.Build.0 = Debug|Any CPU
		{BAFEEF51-CFDE-424A-8B13-28C93A9B66DD}.Release|Any CPU.ActiveCfg = Release|Any CPU
		{BAFEEF51-CFDE-424A-8B13-28C93A9B66DD}.Release|Any CPU.Build.0 = Release|Any CPU
	EndGlobalSection
	GlobalSection(SolutionProperties) = preSolution
		HideSolutionNode = FALSE
	EndGlobalSection
	GlobalSection(ExtensibilityGlobals) = postSolution
		SolutionGuid = {FFF0653B-E342-45CD-9081-D4040A436D62}
	EndGlobalSection
EndGlobal
