
Microsoft Visual Studio Solution File, Format Version 12.00
# Visual Studio Version 16
VisualStudioVersion = 16.0.28803.452
MinimumVisualStudioVersion = 10.0.40219.1
Project("{FAE04EC0-301F-11D3-BF4B-00C04F79EFBC}") = "UsingJWTToken", "UsingJWTToken\UsingJWTToken.csproj", "{9C5266FB-8839-4837-991A-99E49821C0BD}"
EndProject
Global
	GlobalSection(SolutionConfigurationPlatforms) = preSolution
		Debug|Any CPU = Debug|Any CPU
		Release|Any CPU = Release|Any CPU
	EndGlobalSection
	GlobalSection(ProjectConfigurationPlatforms) = postSolution
		{9C5266FB-8839-4837-991A-99E49821C0BD}.Debug|Any CPU.ActiveCfg = Debug|Any CPU
		{9C5266FB-8839-4837-991A-99E49821C0BD}.Debug|Any CPU.Build.0 = Debug|Any CPU
		{9C5266FB-8839-4837-991A-99E49821C0BD}.Release|Any CPU.ActiveCfg = Release|Any CPU
		{9C5266FB-8839-4837-991A-99E49821C0BD}.Release|Any CPU.Build.0 = Release|Any CPU
	EndGlobalSection
	GlobalSection(SolutionProperties) = preSolution
		HideSolutionNode = FALSE
	EndGlobalSection
	GlobalSection(ExtensibilityGlobals) = postSolution
		SolutionGuid = {24254B5D-D859-4F6B-BB3D-FFF5F5005B1C}
	EndGlobalSection
EndGlobal
