
Microsoft Visual Studio Solution File, Format Version 12.00
# Visual Studio Version 16
VisualStudioVersion = 16.0.29009.5
MinimumVisualStudioVersion = 10.0.40219.1
Project("{FAE04EC0-301F-11D3-BF4B-00C04F79EFBC}") = "AsyncNoAwait", "AsyncNoAwait\AsyncNoAwait.csproj", "{C400AFDA-D6B6-46E0-BEAC-942C12EAD33B}"
EndProject
Global
	GlobalSection(SolutionConfigurationPlatforms) = preSolution
		Debug|Any CPU = Debug|Any CPU
		Release|Any CPU = Release|Any CPU
	EndGlobalSection
	GlobalSection(ProjectConfigurationPlatforms) = postSolution
		{C400AFDA-D6B6-46E0-BEAC-942C12EAD33B}.Debug|Any CPU.ActiveCfg = Debug|Any CPU
		{C400AFDA-D6B6-46E0-BEAC-942C12EAD33B}.Debug|Any CPU.Build.0 = Debug|Any CPU
		{C400AFDA-D6B6-46E0-BEAC-942C12EAD33B}.Release|Any CPU.ActiveCfg = Release|Any CPU
		{C400AFDA-D6B6-46E0-BEAC-942C12EAD33B}.Release|Any CPU.Build.0 = Release|Any CPU
	EndGlobalSection
	GlobalSection(SolutionProperties) = preSolution
		HideSolutionNode = FALSE
	EndGlobalSection
	GlobalSection(ExtensibilityGlobals) = postSolution
		SolutionGuid = {F6D4969D-CBBF-46F1-89DF-536988920125}
	EndGlobalSection
EndGlobal
