
Microsoft Visual Studio Solution File, Format Version 12.00
# Visual Studio Version 16
VisualStudioVersion = 16.0.29215.179
MinimumVisualStudioVersion = 10.0.40219.1
Project("{FAE04EC0-301F-11D3-BF4B-00C04F79EFBC}") = "AsyncMethodTaskCancellation", "AsyncMethodTaskCancellation\AsyncMethodTaskCancellation.csproj", "{CEDF7409-BA4C-41FA-B534-B66E2D1EC528}"
EndProject
Global
	GlobalSection(SolutionConfigurationPlatforms) = preSolution
		Debug|Any CPU = Debug|Any CPU
		Release|Any CPU = Release|Any CPU
	EndGlobalSection
	GlobalSection(ProjectConfigurationPlatforms) = postSolution
		{CEDF7409-BA4C-41FA-B534-B66E2D1EC528}.Debug|Any CPU.ActiveCfg = Debug|Any CPU
		{CEDF7409-BA4C-41FA-B534-B66E2D1EC528}.Debug|Any CPU.Build.0 = Debug|Any CPU
		{CEDF7409-BA4C-41FA-B534-B66E2D1EC528}.Release|Any CPU.ActiveCfg = Release|Any CPU
		{CEDF7409-BA4C-41FA-B534-B66E2D1EC528}.Release|Any CPU.Build.0 = Release|Any CPU
	EndGlobalSection
	GlobalSection(SolutionProperties) = preSolution
		HideSolutionNode = FALSE
	EndGlobalSection
	GlobalSection(ExtensibilityGlobals) = postSolution
		SolutionGuid = {D9E93BB5-9AD6-44F3-943A-040CA38BB103}
	EndGlobalSection
EndGlobal
