
Microsoft Visual Studio Solution File, Format Version 12.00
# Visual Studio Version 16
VisualStudioVersion = 16.0.29519.181
MinimumVisualStudioVersion = 10.0.40219.1
Project("{FAE04EC0-301F-11D3-BF4B-00C04F79EFBC}") = "ParameterDeeply", "ParameterDeeply\ParameterDeeply.csproj", "{2A143116-B836-4B86-9E62-86EF8BF3A07F}"
EndProject
Global
	GlobalSection(SolutionConfigurationPlatforms) = preSolution
		Debug|Any CPU = Debug|Any CPU
		Release|Any CPU = Release|Any CPU
	EndGlobalSection
	GlobalSection(ProjectConfigurationPlatforms) = postSolution
		{2A143116-B836-4B86-9E62-86EF8BF3A07F}.Debug|Any CPU.ActiveCfg = Debug|Any CPU
		{2A143116-B836-4B86-9E62-86EF8BF3A07F}.Debug|Any CPU.Build.0 = Debug|Any CPU
		{2A143116-B836-4B86-9E62-86EF8BF3A07F}.Release|Any CPU.ActiveCfg = Release|Any CPU
		{2A143116-B836-4B86-9E62-86EF8BF3A07F}.Release|Any CPU.Build.0 = Release|Any CPU
	EndGlobalSection
	GlobalSection(SolutionProperties) = preSolution
		HideSolutionNode = FALSE
	EndGlobalSection
	GlobalSection(ExtensibilityGlobals) = postSolution
		SolutionGuid = {17DE9036-0E79-4449-AAF0-ADE3DF203C7B}
	EndGlobalSection
EndGlobal
