
Microsoft Visual Studio Solution File, Format Version 12.00
# Visual Studio Version 16
VisualStudioVersion = 16.0.29001.49
MinimumVisualStudioVersion = 10.0.40219.1
Project("{FAE04EC0-301F-11D3-BF4B-00C04F79EFBC}") = "SameConcreteClass", "SameConcreteClass\SameConcreteClass.csproj", "{F099AA14-BF11-48EF-B7D8-A6812AFEDBDB}"
EndProject
Global
	GlobalSection(SolutionConfigurationPlatforms) = preSolution
		Debug|Any CPU = Debug|Any CPU
		Release|Any CPU = Release|Any CPU
	EndGlobalSection
	GlobalSection(ProjectConfigurationPlatforms) = postSolution
		{F099AA14-BF11-48EF-B7D8-A6812AFEDBDB}.Debug|Any CPU.ActiveCfg = Debug|Any CPU
		{F099AA14-BF11-48EF-B7D8-A6812AFEDBDB}.Debug|Any CPU.Build.0 = Debug|Any CPU
		{F099AA14-BF11-48EF-B7D8-A6812AFEDBDB}.Release|Any CPU.ActiveCfg = Release|Any CPU
		{F099AA14-BF11-48EF-B7D8-A6812AFEDBDB}.Release|Any CPU.Build.0 = Release|Any CPU
	EndGlobalSection
	GlobalSection(SolutionProperties) = preSolution
		HideSolutionNode = FALSE
	EndGlobalSection
	GlobalSection(ExtensibilityGlobals) = postSolution
		SolutionGuid = {1373DDE1-5F36-41A1-97EB-80E1AC042602}
	EndGlobalSection
EndGlobal
