
Microsoft Visual Studio Solution File, Format Version 12.00
# Visual Studio Version 16
VisualStudioVersion = 16.0.28803.452
MinimumVisualStudioVersion = 10.0.40219.1
Project("{FAE04EC0-301F-11D3-BF4B-00C04F79EFBC}") = "TraceHttpClient", "TraceHttpClient\TraceHttpClient.csproj", "{4B0FBB95-F54A-4273-80EC-71F1D2461B54}"
EndProject
Global
	GlobalSection(SolutionConfigurationPlatforms) = preSolution
		Debug|Any CPU = Debug|Any CPU
		Release|Any CPU = Release|Any CPU
	EndGlobalSection
	GlobalSection(ProjectConfigurationPlatforms) = postSolution
		{4B0FBB95-F54A-4273-80EC-71F1D2461B54}.Debug|Any CPU.ActiveCfg = Debug|Any CPU
		{4B0FBB95-F54A-4273-80EC-71F1D2461B54}.Debug|Any CPU.Build.0 = Debug|Any CPU
		{4B0FBB95-F54A-4273-80EC-71F1D2461B54}.Release|Any CPU.ActiveCfg = Release|Any CPU
		{4B0FBB95-F54A-4273-80EC-71F1D2461B54}.Release|Any CPU.Build.0 = Release|Any CPU
	EndGlobalSection
	GlobalSection(SolutionProperties) = preSolution
		HideSolutionNode = FALSE
	EndGlobalSection
	GlobalSection(ExtensibilityGlobals) = postSolution
		SolutionGuid = {DAFD231F-5940-4431-8767-C8F5301DAEEB}
	EndGlobalSection
EndGlobal
