
Microsoft Visual Studio Solution File, Format Version 12.00
# Visual Studio Version 16
VisualStudioVersion = 16.0.29009.5
MinimumVisualStudioVersion = 10.0.40219.1
Project("{FAE04EC0-301F-11D3-BF4B-00C04F79EFBC}") = "TaskCancellationToken", "TaskCancellationToken\TaskCancellationToken.csproj", "{CE67BA39-4622-4B44-9787-80792151D850}"
EndProject
Global
	GlobalSection(SolutionConfigurationPlatforms) = preSolution
		Debug|Any CPU = Debug|Any CPU
		Release|Any CPU = Release|Any CPU
	EndGlobalSection
	GlobalSection(ProjectConfigurationPlatforms) = postSolution
		{CE67BA39-4622-4B44-9787-80792151D850}.Debug|Any CPU.ActiveCfg = Debug|Any CPU
		{CE67BA39-4622-4B44-9787-80792151D850}.Debug|Any CPU.Build.0 = Debug|Any CPU
		{CE67BA39-4622-4B44-9787-80792151D850}.Release|Any CPU.ActiveCfg = Release|Any CPU
		{CE67BA39-4622-4B44-9787-80792151D850}.Release|Any CPU.Build.0 = Release|Any CPU
	EndGlobalSection
	GlobalSection(SolutionProperties) = preSolution
		HideSolutionNode = FALSE
	EndGlobalSection
	GlobalSection(ExtensibilityGlobals) = postSolution
		SolutionGuid = {15D59F1B-2D7A-403E-A624-78704DB6422D}
	EndGlobalSection
EndGlobal
