
Microsoft Visual Studio Solution File, Format Version 12.00
# Visual Studio 15
VisualStudioVersion = 15.0.28307.421
MinimumVisualStudioVersion = 10.0.40219.1
Project("{FAE04EC0-301F-11D3-BF4B-00C04F79EFBC}") = "WaitAllWhenAll", "WaitAllWhenAll\WaitAllWhenAll.csproj", "{5CBF6BBD-1F3F-4D09-A402-E2EAAA9BD30C}"
EndProject
Global
	GlobalSection(SolutionConfigurationPlatforms) = preSolution
		Debug|Any CPU = Debug|Any CPU
		Release|Any CPU = Release|Any CPU
	EndGlobalSection
	GlobalSection(ProjectConfigurationPlatforms) = postSolution
		{5CBF6BBD-1F3F-4D09-A402-E2EAAA9BD30C}.Debug|Any CPU.ActiveCfg = Debug|Any CPU
		{5CBF6BBD-1F3F-4D09-A402-E2EAAA9BD30C}.Debug|Any CPU.Build.0 = Debug|Any CPU
		{5CBF6BBD-1F3F-4D09-A402-E2EAAA9BD30C}.Release|Any CPU.ActiveCfg = Release|Any CPU
		{5CBF6BBD-1F3F-4D09-A402-E2EAAA9BD30C}.Release|Any CPU.Build.0 = Release|Any CPU
	EndGlobalSection
	GlobalSection(SolutionProperties) = preSolution
		HideSolutionNode = FALSE
	EndGlobalSection
	GlobalSection(ExtensibilityGlobals) = postSolution
		SolutionGuid = {4CE2A260-A9F1-4092-9B1E-AFA210A8B211}
	EndGlobalSection
EndGlobal
