
Microsoft Visual Studio Solution File, Format Version 12.00
# Visual Studio Version 16
VisualStudioVersion = 16.0.29215.179
MinimumVisualStudioVersion = 10.0.40219.1
Project("{FAE04EC0-301F-11D3-BF4B-00C04F79EFBC}") = "ROPCAuthentication", "ROPCAuthentication\ROPCAuthentication.csproj", "{D0603057-3641-4C98-935E-DF396178D7EC}"
EndProject
Global
	GlobalSection(SolutionConfigurationPlatforms) = preSolution
		Debug|Any CPU = Debug|Any CPU
		Release|Any CPU = Release|Any CPU
	EndGlobalSection
	GlobalSection(ProjectConfigurationPlatforms) = postSolution
		{D0603057-3641-4C98-935E-DF396178D7EC}.Debug|Any CPU.ActiveCfg = Debug|Any CPU
		{D0603057-3641-4C98-935E-DF396178D7EC}.Debug|Any CPU.Build.0 = Debug|Any CPU
		{D0603057-3641-4C98-935E-DF396178D7EC}.Release|Any CPU.ActiveCfg = Release|Any CPU
		{D0603057-3641-4C98-935E-DF396178D7EC}.Release|Any CPU.Build.0 = Release|Any CPU
	EndGlobalSection
	GlobalSection(SolutionProperties) = preSolution
		HideSolutionNode = FALSE
	EndGlobalSection
	GlobalSection(ExtensibilityGlobals) = postSolution
		SolutionGuid = {F3B14208-89B4-4B6D-AFF1-8C4179781C9A}
	EndGlobalSection
EndGlobal
