
Microsoft Visual Studio Solution File, Format Version 12.00
# Visual Studio Version 16
VisualStudioVersion = 16.0.29215.179
MinimumVisualStudioVersion = 10.0.40219.1
Project("{FAE04EC0-301F-11D3-BF4B-00C04F79EFBC}") = "ThreadPoolStress", "ThreadPoolStress\ThreadPoolStress.csproj", "{3AD74CBB-84CC-44DC-96C5-CE41EB2D2234}"
EndProject
Global
	GlobalSection(SolutionConfigurationPlatforms) = preSolution
		Debug|Any CPU = Debug|Any CPU
		Release|Any CPU = Release|Any CPU
	EndGlobalSection
	GlobalSection(ProjectConfigurationPlatforms) = postSolution
		{3AD74CBB-84CC-44DC-96C5-CE41EB2D2234}.Debug|Any CPU.ActiveCfg = Debug|Any CPU
		{3AD74CBB-84CC-44DC-96C5-CE41EB2D2234}.Debug|Any CPU.Build.0 = Debug|Any CPU
		{3AD74CBB-84CC-44DC-96C5-CE41EB2D2234}.Release|Any CPU.ActiveCfg = Release|Any CPU
		{3AD74CBB-84CC-44DC-96C5-CE41EB2D2234}.Release|Any CPU.Build.0 = Release|Any CPU
	EndGlobalSection
	GlobalSection(SolutionProperties) = preSolution
		HideSolutionNode = FALSE
	EndGlobalSection
	GlobalSection(ExtensibilityGlobals) = postSolution
		SolutionGuid = {26A2EAE7-779C-4029-AA15-690FFA090EE4}
	EndGlobalSection
EndGlobal
