
Microsoft Visual Studio Solution File, Format Version 12.00
# Visual Studio Version 16
VisualStudioVersion = 16.0.29411.108
MinimumVisualStudioVersion = 10.0.40219.1
Project("{FAE04EC0-301F-11D3-BF4B-00C04F79EFBC}") = "ThreadSynchronization", "ThreadSynchronization\ThreadSynchronization.csproj", "{3EBE1F2F-E843-4741-B30C-9BF09634E0FF}"
EndProject
Global
	GlobalSection(SolutionConfigurationPlatforms) = preSolution
		Debug|Any CPU = Debug|Any CPU
		Release|Any CPU = Release|Any CPU
	EndGlobalSection
	GlobalSection(ProjectConfigurationPlatforms) = postSolution
		{3EBE1F2F-E843-4741-B30C-9BF09634E0FF}.Debug|Any CPU.ActiveCfg = Debug|Any CPU
		{3EBE1F2F-E843-4741-B30C-9BF09634E0FF}.Debug|Any CPU.Build.0 = Debug|Any CPU
		{3EBE1F2F-E843-4741-B30C-9BF09634E0FF}.Release|Any CPU.ActiveCfg = Release|Any CPU
		{3EBE1F2F-E843-4741-B30C-9BF09634E0FF}.Release|Any CPU.Build.0 = Release|Any CPU
	EndGlobalSection
	GlobalSection(SolutionProperties) = preSolution
		HideSolutionNode = FALSE
	EndGlobalSection
	GlobalSection(ExtensibilityGlobals) = postSolution
		SolutionGuid = {C14F4C33-0AE9-4989-8C2E-834C8652AED5}
	EndGlobalSection
EndGlobal
